<?xml version="1.0" encoding="utf-8"?>
<Project ToolsVersion="4.0" xmlns="http://schemas.microsoft.com/developer/msbuild/2003">
  <ItemGroup>
    <ClInclude Include="..\..\..\include\unirender\IndexBuffer.h">
      <Filter>buffer</Filter>
    </ClInclude>
    <ClInclude Include="..\..\..\include\unirender\Context.h" />
    <ClInclude Include="..\..\..\include\unirender\Device.h" />
    <ClInclude Include="..\..\..\include\unirender\ClearState.h" />
    <ClInclude Include="..\..\..\include\unirender\DrawState.h" />
    <ClInclude Include="..\..\..\include\unirender\Blending.h">
      <Filter>render_state</Filter>
    </ClInclude>
    <ClInclude Include="..\..\..\include\unirender\PrimitiveType.h">
      <Filter>utility</Filter>
    </ClInclude>
    <ClInclude Include="..\..\..\include\unirender\Color.h">
      <Filter>utility</Filter>
    </ClInclude>
    <ClInclude Include="..\..\..\include\unirender\ColorMask.h">
      <Filter>render_state</Filter>
    </ClInclude>
    <ClInclude Include="..\..\..\include\unirender\DepthRange.h">
      <Filter>render_state</Filter>
    </ClInclude>
    <ClInclude Include="..\..\..\include\unirender\DepthTest.h">
      <Filter>render_state</Filter>
    </ClInclude>
    <ClInclude Include="..\..\..\include\unirender\FacetCulling.h">
      <Filter>render_state</Filter>
    </ClInclude>
    <ClInclude Include="..\..\..\include\unirender\WindingOrder.h">
      <Filter>utility</Filter>
    </ClInclude>
    <ClInclude Include="..\..\..\include\unirender\PrimitiveRestart.h">
      <Filter>render_state</Filter>
    </ClInclude>
    <ClInclude Include="..\..\..\include\unirender\ScissorTest.h">
      <Filter>render_state</Filter>
    </ClInclude>
    <ClInclude Include="..\..\..\include\unirender\StencilTest.h">
      <Filter>render_state</Filter>
    </ClInclude>
    <ClInclude Include="..\..\..\include\unirender\StencilTestFace.h">
      <Filter>render_state</Filter>
    </ClInclude>
    <ClInclude Include="..\..\..\include\unirender\RenderState.h">
      <Filter>render_state</Filter>
    </ClInclude>
    <ClInclude Include="..\..\..\include\unirender\ShaderProgram.h">
      <Filter>shader</Filter>
    </ClInclude>
    <ClInclude Include="..\..\..\include\unirender\VertexArray.h">
      <Filter>vertex_array</Filter>
    </ClInclude>
    <ClInclude Include="..\..\..\include\unirender\Uniform.h">
      <Filter>shader</Filter>
    </ClInclude>
    <ClInclude Include="..\..\..\include\unirender\TextureFormat.h">
      <Filter>texture</Filter>
    </ClInclude>
    <ClInclude Include="..\..\..\include\unirender\TextureMagnificationFilter.h">
      <Filter>texture</Filter>
    </ClInclude>
    <ClInclude Include="..\..\..\include\unirender\TextureMinificationFilter.h">
      <Filter>texture</Filter>
    </ClInclude>
    <ClInclude Include="..\..\..\include\unirender\TextureWrap.h">
      <Filter>texture</Filter>
    </ClInclude>
    <ClInclude Include="..\..\..\include\unirender\TextureSampler.h">
      <Filter>texture</Filter>
    </ClInclude>
    <ClInclude Include="..\..\..\include\unirender\TextureTarget.h">
      <Filter>texture</Filter>
    </ClInclude>
    <ClInclude Include="..\..\..\include\unirender\opengl\Context.h">
      <Filter>api\opengl</Filter>
    </ClInclude>
    <ClInclude Include="..\..\..\include\unirender\Framebuffer.h">
      <Filter>frame_buffer</Filter>
    </ClInclude>
    <ClInclude Include="..\..\..\include\unirender\opengl\Framebuffer.h">
      <Filter>api\opengl\frame_buffer</Filter>
    </ClInclude>
    <ClInclude Include="..\..\..\include\unirender\opengl\opengl.h">
      <Filter>api\opengl</Filter>
    </ClInclude>
    <ClInclude Include="..\..\..\include\unirender\Rectangle.h">
      <Filter>utility</Filter>
    </ClInclude>
    <ClInclude Include="..\..\..\include\unirender\opengl\TypeConverter.h">
      <Filter>api\opengl\utility</Filter>
    </ClInclude>
    <ClInclude Include="..\..\..\include\unirender\opengl\VertexArray.h">
      <Filter>api\opengl\vertex_array</Filter>
    </ClInclude>
    <ClInclude Include="..\..\..\include\unirender\VertexBufferAttribute.h">
      <Filter>vertex_array</Filter>
    </ClInclude>
    <ClInclude Include="..\..\..\include\unirender\ComponentDataType.h">
      <Filter>vertex_array</Filter>
    </ClInclude>
    <ClInclude Include="..\..\..\include\unirender\opengl\VertexBufferAttributes.h">
      <Filter>api\opengl\vertex_array</Filter>
    </ClInclude>
    <ClInclude Include="..\..\..\include\unirender\opengl\Buffer.h">
      <Filter>api\opengl\buffer</Filter>
    </ClInclude>
    <ClInclude Include="..\..\..\include\unirender\BufferTarget.h">
      <Filter>buffer</Filter>
    </ClInclude>
    <ClInclude Include="..\..\..\include\unirender\BufferUsageHint.h">
      <Filter>buffer</Filter>
    </ClInclude>
    <ClInclude Include="..\..\..\include\unirender\opengl\IndexBuffer.h">
      <Filter>api\opengl\buffer</Filter>
    </ClInclude>
    <ClInclude Include="..\..\..\include\unirender\opengl\VertexBuffer.h">
      <Filter>api\opengl\buffer</Filter>
    </ClInclude>
    <ClInclude Include="..\..\..\include\unirender\opengl\ShaderProgram.h">
      <Filter>api\opengl\shader</Filter>
    </ClInclude>
    <ClInclude Include="..\..\..\include\unirender\opengl\ShaderObject.h">
      <Filter>api\opengl\shader</Filter>
    </ClInclude>
    <ClInclude Include="..\..\..\include\unirender\ShaderType.h">
      <Filter>shader</Filter>
    </ClInclude>
    <ClInclude Include="..\..\..\include\unirender\ShaderVertexAttribute.h">
      <Filter>shader</Filter>
    </ClInclude>
    <ClInclude Include="..\..\..\include\unirender\opengl\TextureSampler.h">
      <Filter>api\opengl\texture</Filter>
    </ClInclude>
    <ClInclude Include="..\..\..\include\unirender\opengl\TextureUnit.h">
      <Filter>api\opengl\texture</Filter>
    </ClInclude>
    <ClInclude Include="..\..\..\include\unirender\opengl\Device.h">
      <Filter>api\opengl</Filter>
    </ClInclude>
    <ClInclude Include="..\..\..\include\unirender\opengl\TextureUnits.h">
      <Filter>api\opengl\texture</Filter>
    </ClInclude>
    <ClInclude Include="..\..\..\include\unirender\AlphaTest.h">
      <Filter>render_state</Filter>
    </ClInclude>
    <ClInclude Include="..\..\..\include\unirender\opengl\Texture.h">
      <Filter>api\opengl\texture</Filter>
    </ClInclude>
    <ClInclude Include="..\..\..\include\unirender\Texture.h">
      <Filter>texture</Filter>
    </ClInclude>
    <ClInclude Include="..\..\..\include\unirender\VertexBuffer.h">
      <Filter>buffer</Filter>
    </ClInclude>
    <ClInclude Include="..\..\..\include\unirender\ReadPixelBuffer.h">
      <Filter>buffer</Filter>
    </ClInclude>
    <ClInclude Include="..\..\..\include\unirender\WritePixelBuffer.h">
      <Filter>buffer</Filter>
    </ClInclude>
    <ClInclude Include="..\..\..\include\unirender\opengl\ReadPixelBuffer.h">
      <Filter>api\opengl\buffer</Filter>
    </ClInclude>
    <ClInclude Include="..\..\..\include\unirender\opengl\WritePixelBuffer.h">
      <Filter>api\opengl\buffer</Filter>
    </ClInclude>
    <ClInclude Include="..\..\..\include\unirender\opengl\TextureFormat.h">
      <Filter>api\opengl\texture</Filter>
    </ClInclude>
    <ClInclude Include="..\..\..\include\unirender\TextureUtility.h">
      <Filter>texture</Filter>
    </ClInclude>
    <ClInclude Include="..\..\..\include\unirender\AttachmentType.h">
      <Filter>frame_buffer</Filter>
    </ClInclude>
    <ClInclude Include="..\..\..\include\unirender\opengl\RenderBuffer.h">
      <Filter>api\opengl\buffer</Filter>
    </ClInclude>
    <ClInclude Include="..\..\..\include\unirender\InternalFormat.h">
      <Filter>texture</Filter>
    </ClInclude>
    <ClInclude Include="..\..\..\include\unirender\RenderBuffer.h">
      <Filter>buffer</Filter>
    </ClInclude>
    <ClInclude Include="..\..\..\include\unirender\VertexArraySizes.h">
      <Filter>vertex_array</Filter>
    </ClInclude>
    <ClInclude Include="..\..\..\include\unirender\opengl\Uniform.h">
      <Filter>api\opengl\shader</Filter>
    </ClInclude>
    <ClInclude Include="..\..\..\include\unirender\UniformType.h">
      <Filter>shader</Filter>
    </ClInclude>
    <ClInclude Include="..\..\..\include\unirender\UniformValue.h">
      <Filter>shader</Filter>
    </ClInclude>
    <ClInclude Include="..\..\..\include\unirender\TextureUnit.h">
      <Filter>texture</Filter>
    </ClInclude>
    <ClInclude Include="..\..\..\include\unirender\typedef.h" />
    <ClInclude Include="..\..\..\include\unirender\Bitmap.h">
      <Filter>utility</Filter>
    </ClInclude>
    <ClInclude Include="..\..\..\include\unirender\opengl\PixelBuffer.h">
      <Filter>api\opengl\buffer</Filter>
    </ClInclude>
    <ClInclude Include="..\..\..\include\unirender\TextureDescription.h">
      <Filter>texture</Filter>
    </ClInclude>
    <ClInclude Include="..\..\..\include\unirender\UniformUpdater.h">
      <Filter>shader</Filter>
    </ClInclude>
    <ClInclude Include="..\..\..\include\unirender\Factory.h" />
    <ClInclude Include="..\..\..\include\unirender\ComputeBuffer.h">
      <Filter>buffer</Filter>
    </ClInclude>
    <ClInclude Include="..\..\..\include\unirender\opengl\ComputeBuffer.h">
      <Filter>api\opengl\buffer</Filter>
    </ClInclude>
    <ClInclude Include="..\..\..\include\unirender\VertexLayoutType.h">
      <Filter>vertex_array</Filter>
    </ClInclude>
    <ClInclude Include="..\..\..\include\unirender\vulkan\Device.h">
      <Filter>api\vulkan</Filter>
    </ClInclude>
    <ClInclude Include="..\..\..\include\unirender\vulkan\Context.h">
      <Filter>api\vulkan</Filter>
    </ClInclude>
    <ClInclude Include="..\..\..\include\unirender\vulkan\CommandPool.h">
      <Filter>api\vulkan\z_component</Filter>
    </ClInclude>
    <ClInclude Include="..\..\..\include\unirender\vulkan\Swapchain.h">
      <Filter>api\vulkan\z_component</Filter>
    </ClInclude>
    <ClInclude Include="..\..\..\include\unirender\vulkan\RenderPass.h">
      <Filter>api\vulkan\z_component</Filter>
    </ClInclude>
    <ClInclude Include="..\..\..\include\unirender\vulkan\DescriptorPool.h">
      <Filter>api\vulkan\z_component</Filter>
    </ClInclude>
    <ClInclude Include="..\..\..\include\unirender\vulkan\DescriptorSet.h">
      <Filter>api\vulkan\z_component</Filter>
    </ClInclude>
    <ClInclude Include="..\..\..\include\unirender\vulkan\DescriptorSetLayout.h">
      <Filter>api\vulkan\z_component</Filter>
    </ClInclude>
    <ClInclude Include="..\..\..\include\unirender\vulkan\PipelineLayout.h">
      <Filter>api\vulkan\z_component</Filter>
    </ClInclude>
    <ClInclude Include="..\..\..\include\unirender\vulkan\VertexArray.h">
      <Filter>api\vulkan\vertex_array</Filter>
    </ClInclude>
    <ClInclude Include="..\..\..\include\unirender\vulkan\IndexBuffer.h">
      <Filter>api\vulkan\buffer</Filter>
    </ClInclude>
    <ClInclude Include="..\..\..\include\unirender\vulkan\VertexBuffer.h">
      <Filter>api\vulkan\buffer</Filter>
    </ClInclude>
    <ClInclude Include="..\..\..\include\unirender\vulkan\ShaderProgram.h">
      <Filter>api\vulkan\shader</Filter>
    </ClInclude>
    <ClInclude Include="..\..\..\include\unirender\vulkan\Texture.h">
      <Filter>api\vulkan\texture</Filter>
    </ClInclude>
    <ClInclude Include="..\..\..\include\unirender\vulkan\FrameBuffers.h">
      <Filter>api\vulkan\z_component</Filter>
    </ClInclude>
    <ClInclude Include="..\..\..\include\unirender\vulkan\DepthBuffer.h">
      <Filter>api\vulkan\z_component</Filter>
    </ClInclude>
    <ClInclude Include="..\..\..\include\unirender\vulkan\ContextInfo.h">
      <Filter>api\vulkan</Filter>
    </ClInclude>
    <ClInclude Include="..\..\..\include\unirender\vulkan\PipelineCache.h">
      <Filter>api\vulkan\z_component</Filter>
    </ClInclude>
    <ClInclude Include="..\..\..\include\unirender\vulkan\Pipeline.h">
      <Filter>api\vulkan\z_component</Filter>
    </ClInclude>
    <ClInclude Include="..\..\..\include\unirender\vulkan\Utility.h">
      <Filter>api\vulkan\utility</Filter>
    </ClInclude>
    <ClInclude Include="..\..\..\include\unirender\vulkan\ShaderObject.h">
      <Filter>api\vulkan\shader</Filter>
    </ClInclude>
    <ClInclude Include="..\..\..\include\unirender\vulkan\TypeConverter.h">
      <Filter>api\vulkan\utility</Filter>
    </ClInclude>
    <ClInclude Include="..\..\..\include\unirender\vulkan\UniformBuffer.h">
      <Filter>api\vulkan\z_component</Filter>
    </ClInclude>
    <ClInclude Include="..\..\..\include\unirender\vulkan\CommandBuffers.h">
      <Filter>api\vulkan\z_component</Filter>
    </ClInclude>
    <ClInclude Include="..\..\..\include\unirender\Adaptor.h">
      <Filter>utility</Filter>
    </ClInclude>
    <ClInclude Include="..\..\..\include\unirender\vulkan\VulkanDevice.h">
      <Filter>api\vulkan</Filter>
    </ClInclude>
    <ClInclude Include="..\..\..\include\unirender\vulkan\VulkanContext.h">
      <Filter>api\vulkan</Filter>
    </ClInclude>
  </ItemGroup>
  <ItemGroup>
    <ClCompile Include="..\..\..\source\opengl\Framebuffer.cpp">
      <Filter>api\opengl\frame_buffer</Filter>
    </ClCompile>
    <ClCompile Include="..\..\..\source\opengl\VertexArray.cpp">
      <Filter>api\opengl\vertex_array</Filter>
    </ClCompile>
    <ClCompile Include="..\..\..\source\VertexBufferAttribute.cpp">
      <Filter>vertex_array</Filter>
    </ClCompile>
    <ClCompile Include="..\..\..\source\opengl\VertexBufferAttributes.cpp">
      <Filter>api\opengl\vertex_array</Filter>
    </ClCompile>
    <ClCompile Include="..\..\..\source\opengl\Buffer.cpp">
      <Filter>api\opengl\buffer</Filter>
    </ClCompile>
    <ClCompile Include="..\..\..\source\opengl\IndexBuffer.cpp">
      <Filter>api\opengl\buffer</Filter>
    </ClCompile>
    <ClCompile Include="..\..\..\source\opengl\VertexBuffer.cpp">
      <Filter>api\opengl\buffer</Filter>
    </ClCompile>
    <ClCompile Include="..\..\..\source\opengl\ShaderProgram.cpp">
      <Filter>api\opengl\shader</Filter>
    </ClCompile>
    <ClCompile Include="..\..\..\source\opengl\ShaderObject.cpp">
      <Filter>api\opengl\shader</Filter>
    </ClCompile>
    <ClCompile Include="..\..\..\source\opengl\TextureSampler.cpp">
      <Filter>api\opengl\texture</Filter>
    </ClCompile>
    <ClCompile Include="..\..\..\source\opengl\TextureUnit.cpp">
      <Filter>api\opengl\texture</Filter>
    </ClCompile>
    <ClCompile Include="..\..\..\source\opengl\Device.cpp">
      <Filter>api\opengl</Filter>
    </ClCompile>
    <ClCompile Include="..\..\..\source\opengl\TextureUnits.cpp">
      <Filter>api\opengl\texture</Filter>
    </ClCompile>
    <ClCompile Include="..\..\..\source\opengl\Texture.cpp">
      <Filter>api\opengl\texture</Filter>
    </ClCompile>
    <ClCompile Include="..\..\..\source\opengl\ReadPixelBuffer.cpp">
      <Filter>api\opengl\buffer</Filter>
    </ClCompile>
    <ClCompile Include="..\..\..\source\opengl\WritePixelBuffer.cpp">
      <Filter>api\opengl\buffer</Filter>
    </ClCompile>
    <ClCompile Include="..\..\..\source\opengl\TextureFormat.cpp">
      <Filter>api\opengl\texture</Filter>
    </ClCompile>
    <ClCompile Include="..\..\..\source\TextureUtility.cpp">
      <Filter>texture</Filter>
    </ClCompile>
    <ClCompile Include="..\..\..\source\opengl\RenderBuffer.cpp">
      <Filter>api\opengl\buffer</Filter>
    </ClCompile>
    <ClCompile Include="..\..\..\source\opengl\PixelBuffer.cpp">
      <Filter>api\opengl\buffer</Filter>
    </ClCompile>
    <ClCompile Include="..\..\..\source\ShaderProgram.cpp">
      <Filter>shader</Filter>
    </ClCompile>
    <ClCompile Include="..\..\..\source\Factory.cpp" />
    <ClCompile Include="..\..\..\source\opengl\ComputeBuffer.cpp">
      <Filter>api\opengl\buffer</Filter>
    </ClCompile>
    <ClCompile Include="..\..\..\source\opengl\Context.cpp">
      <Filter>api\opengl</Filter>
    </ClCompile>
    <ClCompile Include="..\..\..\source\vulkan\Device.cpp">
      <Filter>api\vulkan</Filter>
    </ClCompile>
    <ClCompile Include="..\..\..\source\vulkan\Context.cpp">
      <Filter>api\vulkan</Filter>
    </ClCompile>
    <ClCompile Include="..\..\..\source\vulkan\CommandPool.cpp">
      <Filter>api\vulkan\z_component</Filter>
    </ClCompile>
    <ClCompile Include="..\..\..\source\vulkan\Swapchain.cpp">
      <Filter>api\vulkan\z_component</Filter>
    </ClCompile>
    <ClCompile Include="..\..\..\source\vulkan\RenderPass.cpp">
      <Filter>api\vulkan\z_component</Filter>
    </ClCompile>
    <ClCompile Include="..\..\..\source\vulkan\DescriptorPool.cpp">
      <Filter>api\vulkan\z_component</Filter>
    </ClCompile>
    <ClCompile Include="..\..\..\source\vulkan\DescriptorSet.cpp">
      <Filter>api\vulkan\z_component</Filter>
    </ClCompile>
    <ClCompile Include="..\..\..\source\vulkan\DescriptorSetLayout.cpp">
      <Filter>api\vulkan\z_component</Filter>
    </ClCompile>
    <ClCompile Include="..\..\..\source\vulkan\PipelineLayout.cpp">
      <Filter>api\vulkan\z_component</Filter>
    </ClCompile>
    <ClCompile Include="..\..\..\source\vulkan\VertexArray.cpp">
      <Filter>api\vulkan\vertex_array</Filter>
    </ClCompile>
    <ClCompile Include="..\..\..\source\vulkan\IndexBuffer.cpp">
      <Filter>api\vulkan\buffer</Filter>
    </ClCompile>
    <ClCompile Include="..\..\..\source\vulkan\VertexBuffer.cpp">
      <Filter>api\vulkan\buffer</Filter>
    </ClCompile>
    <ClCompile Include="..\..\..\source\vulkan\ShaderProgram.cpp">
      <Filter>api\vulkan\shader</Filter>
    </ClCompile>
    <ClCompile Include="..\..\..\source\vulkan\Texture.cpp">
      <Filter>api\vulkan\texture</Filter>
    </ClCompile>
    <ClCompile Include="..\..\..\source\vulkan\FrameBuffers.cpp">
      <Filter>api\vulkan\z_component</Filter>
    </ClCompile>
    <ClCompile Include="..\..\..\source\vulkan\DepthBuffer.cpp">
      <Filter>api\vulkan\z_component</Filter>
    </ClCompile>
    <ClCompile Include="..\..\..\source\vulkan\ContextInfo.cpp">
      <Filter>api\vulkan</Filter>
    </ClCompile>
    <ClCompile Include="..\..\..\source\vulkan\PipelineCache.cpp">
      <Filter>api\vulkan\z_component</Filter>
    </ClCompile>
    <ClCompile Include="..\..\..\source\vulkan\Pipeline.cpp">
      <Filter>api\vulkan\z_component</Filter>
    </ClCompile>
    <ClCompile Include="..\..\..\source\vulkan\ShaderObject.cpp">
      <Filter>api\vulkan\shader</Filter>
    </ClCompile>
    <ClCompile Include="..\..\..\source\vulkan\UniformBuffer.cpp">
      <Filter>api\vulkan\z_component</Filter>
    </ClCompile>
    <ClCompile Include="..\..\..\source\vulkan\CommandBuffers.cpp">
      <Filter>api\vulkan\z_component</Filter>
    </ClCompile>
    <ClCompile Include="..\..\..\source\Adaptor.cpp">
      <Filter>utility</Filter>
    </ClCompile>
    <ClCompile Include="..\..\..\source\vulkan\VulkanDevice.cpp">
      <Filter>api\vulkan</Filter>
    </ClCompile>
    <ClCompile Include="..\..\..\source\vulkan\VulkanContext.cpp">
      <Filter>api\vulkan</Filter>
    </ClCompile>
  </ItemGroup>
  <ItemGroup>
    <Filter Include="api">
      <UniqueIdentifier>{79bd7e02-69e7-4c7b-aeb6-99cdd07c363c}</UniqueIdentifier>
    </Filter>
    <Filter Include="api\opengl">
      <UniqueIdentifier>{c1f5e5b0-066a-4614-aab2-212e4cc2a2f9}</UniqueIdentifier>
    </Filter>
    <Filter Include="buffer">
      <UniqueIdentifier>{34089f1d-61f9-42c1-b9f0-8d887185f009}</UniqueIdentifier>
    </Filter>
    <Filter Include="shader">
      <UniqueIdentifier>{52f61eff-1d8c-4a00-b901-944ae06b2a1c}</UniqueIdentifier>
    </Filter>
    <Filter Include="texture">
      <UniqueIdentifier>{eddd6496-dd38-40a7-8435-089968172a2b}</UniqueIdentifier>
    </Filter>
    <Filter Include="utility">
      <UniqueIdentifier>{6a6bbf7c-4c52-4fe4-9d22-a54043026d21}</UniqueIdentifier>
    </Filter>
    <Filter Include="render_state">
      <UniqueIdentifier>{210c1170-fec1-462c-9a46-1f8bcfba9386}</UniqueIdentifier>
    </Filter>
    <Filter Include="vertex_array">
      <UniqueIdentifier>{9408de89-7420-4dcc-a754-795c964154d6}</UniqueIdentifier>
    </Filter>
    <Filter Include="api\opengl\shader">
      <UniqueIdentifier>{9b041cac-3fd5-4953-80fc-7f2b76f1f375}</UniqueIdentifier>
    </Filter>
    <Filter Include="api\opengl\texture">
      <UniqueIdentifier>{fe1b889d-8213-4079-95ef-3ff93e4500d2}</UniqueIdentifier>
    </Filter>
    <Filter Include="frame_buffer">
      <UniqueIdentifier>{a3b08419-dc8f-4d66-9796-e5042c7f9f9e}</UniqueIdentifier>
    </Filter>
    <Filter Include="api\opengl\buffer">
      <UniqueIdentifier>{97d8e9a8-3e43-4d96-a219-ed32fbdf6d74}</UniqueIdentifier>
    </Filter>
    <Filter Include="api\opengl\frame_buffer">
      <UniqueIdentifier>{517d6010-52d8-4ed5-b65d-ff2133af5209}</UniqueIdentifier>
    </Filter>
    <Filter Include="api\opengl\utility">
      <UniqueIdentifier>{080f556a-9398-4d99-bfba-fd6afbca53b5}</UniqueIdentifier>
    </Filter>
    <Filter Include="api\opengl\vertex_array">
      <UniqueIdentifier>{4ee0991e-a202-4568-b909-e9a0e6d30d4c}</UniqueIdentifier>
    </Filter>
    <Filter Include="api\vulkan">
      <UniqueIdentifier>{151f897a-1e40-451f-a519-042eebf6e722}</UniqueIdentifier>
    </Filter>
    <Filter Include="api\vulkan\vertex_array">
      <UniqueIdentifier>{a53f959f-73c4-49f8-8039-1a4b7cf78115}</UniqueIdentifier>
    </Filter>
    <Filter Include="api\vulkan\buffer">
      <UniqueIdentifier>{75682c33-c373-4a5b-95ff-07060b8c37cb}</UniqueIdentifier>
    </Filter>
    <Filter Include="api\vulkan\z_component">
      <UniqueIdentifier>{e90db306-cead-452c-a91c-3c75625b0bf2}</UniqueIdentifier>
    </Filter>
    <Filter Include="api\vulkan\shader">
      <UniqueIdentifier>{5b00a25d-761a-44ef-8a6c-cb49507ad422}</UniqueIdentifier>
    </Filter>
    <Filter Include="api\vulkan\texture">
      <UniqueIdentifier>{5752e5f3-704b-442e-93e4-d00190e6855f}</UniqueIdentifier>
    </Filter>
    <Filter Include="api\vulkan\utility">
      <UniqueIdentifier>{6deb3e8b-5c15-4c78-9b31-f54414c3586e}</UniqueIdentifier>
    </Filter>
  </ItemGroup>
  <ItemGroup>
    <None Include="..\..\..\include\unirender\opengl\Uniform.inl">
      <Filter>shader</Filter>
    </None>
    <None Include="..\..\..\include\unirender\Bitmap.inl">
      <Filter>utility</Filter>
    </None>
  </ItemGroup>
</Project>